<?xml version="1.0" encoding="UTF-8" standalone="yes" ?>
<CodeBlocks_project_file>
	<FileVersion major="1" minor="6" />
	<Project>
		<Option title="texture" />
		<Option pch_mode="2" />
		<Option compiler="gcc" />
		<Build>
			<Target title="Debug">
				<Option output="bin/Debug/tes2" prefix_auto="1" extension_auto="1" />
				<Option object_output="obj/Debug/" />
				<Option type="1" />
				<Option compiler="gcc" />
				<Compiler>
					<Add option="-g" />
				</Compiler>
			</Target>
			<Target title="Release">
				<Option output="bin/Release/tes2" prefix_auto="1" extension_auto="1" />
				<Option object_output="obj/Release/" />
				<Option type="1" />
				<Option compiler="gcc" />
				<Compiler>
					<Add option="-O2" />
				</Compiler>
				<Linker>
					<Add option="-s" />
				</Linker>
			</Target>
		</Build>
		<Compiler>
			<Add option="-Wall" />
			<Add option="-std=c++1z" />
			<Add option="-fexceptions" />
			<Add directory="C:/GLFW/include" />
			<Add directory="C:/glad/include" />
			<Add directory="C:/GLM" />
		</Compiler>
		<Linker>
			<Add library="C:/GLFW/lib/libglfw3.a" />
			<Add library="C:/GLFW/lib/libglfw3dll.a" />
			<Add library="C:/Program Files (x86)/CodeBlocks/MinGW/lib/libopengl32.a" />
			<Add library="C:/Program Files (x86)/CodeBlocks/MinGW/lib/libgdi32.a" />
			<Add directory="C:/GLFW/lib" />
		</Linker>
		<Unit filename="7.4.camera.fs" />
		<Unit filename="7.4.camera.vs" />
		<Unit filename="camera.h" />
		<Unit filename="glad.c">
			<Option compilerVar="CC" />
		</Unit>
		<Unit filename="main.cpp" />
		<Unit filename="shader_m.h" />
		<Unit filename="stb_image.h" />
		<Unit filename="t3.JPG" />
		<Extensions>
			<code_completion />
			<envvars />
			<debugger />
		</Extensions>
	</Project>
</CodeBlocks_project_file>
